
Microsoft Visual Studio Solution File, Format Version 12.00
# Visual Studio Version 17
VisualStudioVersion = 17.6.33723.286
MinimumVisualStudioVersion = 10.0.40219.1
Project("{FAE04EC0-301F-11D3-BF4B-00C04F79EFBC}") = "comerciante", "comerciante\comerciante.csproj", "{910559E7-3509-4C87-84D0-3A92DF74DCB7}"
EndProject
Global
	GlobalSection(SolutionConfigurationPlatforms) = preSolution
		Debug|Any CPU = Debug|Any CPU
		Release|Any CPU = Release|Any CPU
	EndGlobalSection
	GlobalSection(ProjectConfigurationPlatforms) = postSolution
		{910559E7-3509-4C87-84D0-3A92DF74DCB7}.Debug|Any CPU.ActiveCfg = Debug|Any CPU
		{910559E7-3509-4C87-84D0-3A92DF74DCB7}.Debug|Any CPU.Build.0 = Debug|Any CPU
		{910559E7-3509-4C87-84D0-3A92DF74DCB7}.Release|Any CPU.ActiveCfg = Release|Any CPU
		{910559E7-3509-4C87-84D0-3A92DF74DCB7}.Release|Any CPU.Build.0 = Release|Any CPU
	EndGlobalSection
	GlobalSection(SolutionProperties) = preSolution
		HideSolutionNode = FALSE
	EndGlobalSection
	GlobalSection(ExtensibilityGlobals) = postSolution
		SolutionGuid = {60156E49-07D5-496C-A219-8C528C7EA865}
	EndGlobalSection
EndGlobal
