
Microsoft Visual Studio Solution File, Format Version 12.00
# Visual Studio Version 17
VisualStudioVersion = 17.6.33723.286
MinimumVisualStudioVersion = 10.0.40219.1
Project("{FAE04EC0-301F-11D3-BF4B-00C04F79EFBC}") = "troco_verificado", "troco_verificado\troco_verificado.csproj", "{68D0F92E-C901-41DE-A9F7-AE14EAD7ADAA}"
EndProject
Global
	GlobalSection(SolutionConfigurationPlatforms) = preSolution
		Debug|Any CPU = Debug|Any CPU
		Release|Any CPU = Release|Any CPU
	EndGlobalSection
	GlobalSection(ProjectConfigurationPlatforms) = postSolution
		{68D0F92E-C901-41DE-A9F7-AE14EAD7ADAA}.Debug|Any CPU.ActiveCfg = Debug|Any CPU
		{68D0F92E-C901-41DE-A9F7-AE14EAD7ADAA}.Debug|Any CPU.Build.0 = Debug|Any CPU
		{68D0F92E-C901-41DE-A9F7-AE14EAD7ADAA}.Release|Any CPU.ActiveCfg = Release|Any CPU
		{68D0F92E-C901-41DE-A9F7-AE14EAD7ADAA}.Release|Any CPU.Build.0 = Release|Any CPU
	EndGlobalSection
	GlobalSection(SolutionProperties) = preSolution
		HideSolutionNode = FALSE
	EndGlobalSection
	GlobalSection(ExtensibilityGlobals) = postSolution
		SolutionGuid = {6D1CA8F4-76CE-4E25-BCEA-2EE5728D057A}
	EndGlobalSection
EndGlobal
