
Microsoft Visual Studio Solution File, Format Version 12.00
# Visual Studio Version 17
VisualStudioVersion = 17.6.33723.286
MinimumVisualStudioVersion = 10.0.40219.1
Project("{FAE04EC0-301F-11D3-BF4B-00C04F79EFBC}") = "cada_linha", "cada_linha\cada_linha.csproj", "{2E8C090E-C57F-45EA-B534-925F30EB4A5D}"
EndProject
Global
	GlobalSection(SolutionConfigurationPlatforms) = preSolution
		Debug|Any CPU = Debug|Any CPU
		Release|Any CPU = Release|Any CPU
	EndGlobalSection
	GlobalSection(ProjectConfigurationPlatforms) = postSolution
		{2E8C090E-C57F-45EA-B534-925F30EB4A5D}.Debug|Any CPU.ActiveCfg = Debug|Any CPU
		{2E8C090E-C57F-45EA-B534-925F30EB4A5D}.Debug|Any CPU.Build.0 = Debug|Any CPU
		{2E8C090E-C57F-45EA-B534-925F30EB4A5D}.Release|Any CPU.ActiveCfg = Release|Any CPU
		{2E8C090E-C57F-45EA-B534-925F30EB4A5D}.Release|Any CPU.Build.0 = Release|Any CPU
	EndGlobalSection
	GlobalSection(SolutionProperties) = preSolution
		HideSolutionNode = FALSE
	EndGlobalSection
	GlobalSection(ExtensibilityGlobals) = postSolution
		SolutionGuid = {99D6F283-AADC-4ED2-BB72-568971F4F196}
	EndGlobalSection
EndGlobal
