
Microsoft Visual Studio Solution File, Format Version 12.00
# Visual Studio Version 17
VisualStudioVersion = 17.6.33723.286
MinimumVisualStudioVersion = 10.0.40219.1
Project("{FAE04EC0-301F-11D3-BF4B-00C04F79EFBC}") = "dentro_fora", "dentro_fora\dentro_fora.csproj", "{F5796020-E828-4CF8-915D-84477CE268DB}"
EndProject
Global
	GlobalSection(SolutionConfigurationPlatforms) = preSolution
		Debug|Any CPU = Debug|Any CPU
		Release|Any CPU = Release|Any CPU
	EndGlobalSection
	GlobalSection(ProjectConfigurationPlatforms) = postSolution
		{F5796020-E828-4CF8-915D-84477CE268DB}.Debug|Any CPU.ActiveCfg = Debug|Any CPU
		{F5796020-E828-4CF8-915D-84477CE268DB}.Debug|Any CPU.Build.0 = Debug|Any CPU
		{F5796020-E828-4CF8-915D-84477CE268DB}.Release|Any CPU.ActiveCfg = Release|Any CPU
		{F5796020-E828-4CF8-915D-84477CE268DB}.Release|Any CPU.Build.0 = Release|Any CPU
	EndGlobalSection
	GlobalSection(SolutionProperties) = preSolution
		HideSolutionNode = FALSE
	EndGlobalSection
	GlobalSection(ExtensibilityGlobals) = postSolution
		SolutionGuid = {498DB66E-5C2A-439D-A851-06E95EA35628}
	EndGlobalSection
EndGlobal
