
Microsoft Visual Studio Solution File, Format Version 12.00
# Visual Studio Version 17
VisualStudioVersion = 17.6.33723.286
MinimumVisualStudioVersion = 10.0.40219.1
Project("{FAE04EC0-301F-11D3-BF4B-00C04F79EFBC}") = "glicose", "glicose\glicose.csproj", "{C8F0FBEC-E9A7-4B10-93D4-5BA930BC4028}"
EndProject
Global
	GlobalSection(SolutionConfigurationPlatforms) = preSolution
		Debug|Any CPU = Debug|Any CPU
		Release|Any CPU = Release|Any CPU
	EndGlobalSection
	GlobalSection(ProjectConfigurationPlatforms) = postSolution
		{C8F0FBEC-E9A7-4B10-93D4-5BA930BC4028}.Debug|Any CPU.ActiveCfg = Debug|Any CPU
		{C8F0FBEC-E9A7-4B10-93D4-5BA930BC4028}.Debug|Any CPU.Build.0 = Debug|Any CPU
		{C8F0FBEC-E9A7-4B10-93D4-5BA930BC4028}.Release|Any CPU.ActiveCfg = Release|Any CPU
		{C8F0FBEC-E9A7-4B10-93D4-5BA930BC4028}.Release|Any CPU.Build.0 = Release|Any CPU
	EndGlobalSection
	GlobalSection(SolutionProperties) = preSolution
		HideSolutionNode = FALSE
	EndGlobalSection
	GlobalSection(ExtensibilityGlobals) = postSolution
		SolutionGuid = {62C16B47-B988-496D-899D-B04483107D53}
	EndGlobalSection
EndGlobal
