
Microsoft Visual Studio Solution File, Format Version 12.00
# Visual Studio Version 17
VisualStudioVersion = 17.6.33723.286
MinimumVisualStudioVersion = 10.0.40219.1
Project("{FAE04EC0-301F-11D3-BF4B-00C04F79EFBC}") = "acima_diagonal", "acima_diagonal\acima_diagonal.csproj", "{9ED2D902-1AEF-41CD-8800-152BFE145AD0}"
EndProject
Global
	GlobalSection(SolutionConfigurationPlatforms) = preSolution
		Debug|Any CPU = Debug|Any CPU
		Release|Any CPU = Release|Any CPU
	EndGlobalSection
	GlobalSection(ProjectConfigurationPlatforms) = postSolution
		{9ED2D902-1AEF-41CD-8800-152BFE145AD0}.Debug|Any CPU.ActiveCfg = Debug|Any CPU
		{9ED2D902-1AEF-41CD-8800-152BFE145AD0}.Debug|Any CPU.Build.0 = Debug|Any CPU
		{9ED2D902-1AEF-41CD-8800-152BFE145AD0}.Release|Any CPU.ActiveCfg = Release|Any CPU
		{9ED2D902-1AEF-41CD-8800-152BFE145AD0}.Release|Any CPU.Build.0 = Release|Any CPU
	EndGlobalSection
	GlobalSection(SolutionProperties) = preSolution
		HideSolutionNode = FALSE
	EndGlobalSection
	GlobalSection(ExtensibilityGlobals) = postSolution
		SolutionGuid = {3158E7C2-3EE5-41A1-8671-BC4938AAEEEB}
	EndGlobalSection
EndGlobal
