
Microsoft Visual Studio Solution File, Format Version 12.00
# Visual Studio Version 17
VisualStudioVersion = 17.6.33723.286
MinimumVisualStudioVersion = 10.0.40219.1
Project("{FAE04EC0-301F-11D3-BF4B-00C04F79EFBC}") = "tabuada", "tabuada\tabuada.csproj", "{8D98340A-D308-4A8D-8DA3-AEDBCED17420}"
EndProject
Global
	GlobalSection(SolutionConfigurationPlatforms) = preSolution
		Debug|Any CPU = Debug|Any CPU
		Release|Any CPU = Release|Any CPU
	EndGlobalSection
	GlobalSection(ProjectConfigurationPlatforms) = postSolution
		{8D98340A-D308-4A8D-8DA3-AEDBCED17420}.Debug|Any CPU.ActiveCfg = Debug|Any CPU
		{8D98340A-D308-4A8D-8DA3-AEDBCED17420}.Debug|Any CPU.Build.0 = Debug|Any CPU
		{8D98340A-D308-4A8D-8DA3-AEDBCED17420}.Release|Any CPU.ActiveCfg = Release|Any CPU
		{8D98340A-D308-4A8D-8DA3-AEDBCED17420}.Release|Any CPU.Build.0 = Release|Any CPU
	EndGlobalSection
	GlobalSection(SolutionProperties) = preSolution
		HideSolutionNode = FALSE
	EndGlobalSection
	GlobalSection(ExtensibilityGlobals) = postSolution
		SolutionGuid = {168E69E7-479A-4324-8BEA-F82DB75B9560}
	EndGlobalSection
EndGlobal
