
Microsoft Visual Studio Solution File, Format Version 12.00
# Visual Studio Version 17
VisualStudioVersion = 17.6.33723.286
MinimumVisualStudioVersion = 10.0.40219.1
Project("{FAE04EC0-301F-11D3-BF4B-00C04F79EFBC}") = "baskara", "baskara\baskara.csproj", "{62B61173-7B81-4673-8D75-FDCB8708A244}"
EndProject
Global
	GlobalSection(SolutionConfigurationPlatforms) = preSolution
		Debug|Any CPU = Debug|Any CPU
		Release|Any CPU = Release|Any CPU
	EndGlobalSection
	GlobalSection(ProjectConfigurationPlatforms) = postSolution
		{62B61173-7B81-4673-8D75-FDCB8708A244}.Debug|Any CPU.ActiveCfg = Debug|Any CPU
		{62B61173-7B81-4673-8D75-FDCB8708A244}.Debug|Any CPU.Build.0 = Debug|Any CPU
		{62B61173-7B81-4673-8D75-FDCB8708A244}.Release|Any CPU.ActiveCfg = Release|Any CPU
		{62B61173-7B81-4673-8D75-FDCB8708A244}.Release|Any CPU.Build.0 = Release|Any CPU
	EndGlobalSection
	GlobalSection(SolutionProperties) = preSolution
		HideSolutionNode = FALSE
	EndGlobalSection
	GlobalSection(ExtensibilityGlobals) = postSolution
		SolutionGuid = {518E72E7-BD33-42B5-AC9A-BEE3C899FE95}
	EndGlobalSection
EndGlobal
