
Microsoft Visual Studio Solution File, Format Version 12.00
# Visual Studio Version 17
VisualStudioVersion = 17.6.33723.286
MinimumVisualStudioVersion = 10.0.40219.1
Project("{FAE04EC0-301F-11D3-BF4B-00C04F79EFBC}") = "mais_velho", "mais_velho\mais_velho.csproj", "{0EBDB717-8A85-4663-A1C8-60D18AFA71BD}"
EndProject
Global
	GlobalSection(SolutionConfigurationPlatforms) = preSolution
		Debug|Any CPU = Debug|Any CPU
		Release|Any CPU = Release|Any CPU
	EndGlobalSection
	GlobalSection(ProjectConfigurationPlatforms) = postSolution
		{0EBDB717-8A85-4663-A1C8-60D18AFA71BD}.Debug|Any CPU.ActiveCfg = Debug|Any CPU
		{0EBDB717-8A85-4663-A1C8-60D18AFA71BD}.Debug|Any CPU.Build.0 = Debug|Any CPU
		{0EBDB717-8A85-4663-A1C8-60D18AFA71BD}.Release|Any CPU.ActiveCfg = Release|Any CPU
		{0EBDB717-8A85-4663-A1C8-60D18AFA71BD}.Release|Any CPU.Build.0 = Release|Any CPU
	EndGlobalSection
	GlobalSection(SolutionProperties) = preSolution
		HideSolutionNode = FALSE
	EndGlobalSection
	GlobalSection(ExtensibilityGlobals) = postSolution
		SolutionGuid = {1C2D1BF6-3263-4508-9E73-C19F510BC996}
	EndGlobalSection
EndGlobal
