
Microsoft Visual Studio Solution File, Format Version 12.00
# Visual Studio Version 17
VisualStudioVersion = 17.6.33723.286
MinimumVisualStudioVersion = 10.0.40219.1
Project("{FAE04EC0-301F-11D3-BF4B-00C04F79EFBC}") = "menor_de_tres", "menor_de_tres\menor_de_tres.csproj", "{2F2C2A79-2358-4FB8-91BA-03D93AA642EA}"
EndProject
Global
	GlobalSection(SolutionConfigurationPlatforms) = preSolution
		Debug|Any CPU = Debug|Any CPU
		Release|Any CPU = Release|Any CPU
	EndGlobalSection
	GlobalSection(ProjectConfigurationPlatforms) = postSolution
		{2F2C2A79-2358-4FB8-91BA-03D93AA642EA}.Debug|Any CPU.ActiveCfg = Debug|Any CPU
		{2F2C2A79-2358-4FB8-91BA-03D93AA642EA}.Debug|Any CPU.Build.0 = Debug|Any CPU
		{2F2C2A79-2358-4FB8-91BA-03D93AA642EA}.Release|Any CPU.ActiveCfg = Release|Any CPU
		{2F2C2A79-2358-4FB8-91BA-03D93AA642EA}.Release|Any CPU.Build.0 = Release|Any CPU
	EndGlobalSection
	GlobalSection(SolutionProperties) = preSolution
		HideSolutionNode = FALSE
	EndGlobalSection
	GlobalSection(ExtensibilityGlobals) = postSolution
		SolutionGuid = {004D3F74-0043-40E8-9486-DAB69071F8EE}
	EndGlobalSection
EndGlobal
