
Microsoft Visual Studio Solution File, Format Version 12.00
# Visual Studio Version 17
VisualStudioVersion = 17.6.33723.286
MinimumVisualStudioVersion = 10.0.40219.1
Project("{FAE04EC0-301F-11D3-BF4B-00C04F79EFBC}") = "soma_vetores", "soma_vetores\soma_vetores.csproj", "{AC4DB0E2-1C52-4124-A4E1-227D4AA7227D}"
EndProject
Global
	GlobalSection(SolutionConfigurationPlatforms) = preSolution
		Debug|Any CPU = Debug|Any CPU
		Release|Any CPU = Release|Any CPU
	EndGlobalSection
	GlobalSection(ProjectConfigurationPlatforms) = postSolution
		{AC4DB0E2-1C52-4124-A4E1-227D4AA7227D}.Debug|Any CPU.ActiveCfg = Debug|Any CPU
		{AC4DB0E2-1C52-4124-A4E1-227D4AA7227D}.Debug|Any CPU.Build.0 = Debug|Any CPU
		{AC4DB0E2-1C52-4124-A4E1-227D4AA7227D}.Release|Any CPU.ActiveCfg = Release|Any CPU
		{AC4DB0E2-1C52-4124-A4E1-227D4AA7227D}.Release|Any CPU.Build.0 = Release|Any CPU
	EndGlobalSection
	GlobalSection(SolutionProperties) = preSolution
		HideSolutionNode = FALSE
	EndGlobalSection
	GlobalSection(ExtensibilityGlobals) = postSolution
		SolutionGuid = {F88AC829-BC7C-4F64-8CED-13A340C365AC}
	EndGlobalSection
EndGlobal
